{
  "name": "ta-json",
  "version": "2.2.4",
  "lockfileVersion": 1,
  "dependencies": {
    "@types/node": {
      "version": "https://registry.npmjs.org/@types/node/-/node-6.0.58.tgz",
      "integrity": "sha1-eztwZfPN8k4jSdNbaNJ5XPqHRVM="
    },
    "reflect-metadata": {
      "version": "https://registry.npmjs.org/reflect-metadata/-/reflect-metadata-0.1.9.tgz",
      "integrity": "sha1-mHI43IelFolf5FfxMENf+9djpNQ="
    },
    "typescript": {
      "version": "2.3.4",
      "resolved": "https://registry.npmjs.org/typescript/-/typescript-2.3.4.tgz",
      "integrity": "sha1-PTgyGCgjHkNPKHUUlZw3qCtin0I=",
      "dev": true
    }
  }
}
